// !$*UTF8*$!
{
	archiveVersion = 1;
	classes = {
	};
	objectVersion = 56;
	objects = {

/* Begin PBXBuildFile section */
		F60D485729F024BA00B49733 /* BDUICoordinator.swift in Sources */ = {isa = PBXBuildFile; fileRef = F60D485629F024BA00B49733 /* BDUICoordinator.swift */; };
		F61646E529E5CF6800567A5B /* UIColor+extensions.swift in Sources */ = {isa = PBXBuildFile; fileRef = F61646E429E5CF6800567A5B /* UIColor+extensions.swift */; };
		F63A34D929E86CBF001F0A6D /* BDUIFontStyle.swift in Sources */ = {isa = PBXBuildFile; fileRef = F63A34D829E86CBF001F0A6D /* BDUIFontStyle.swift */; };
		F63A34DB29E86E2A001F0A6D /* BDUITextAlignment.swift in Sources */ = {isa = PBXBuildFile; fileRef = F63A34DA29E86E2A001F0A6D /* BDUITextAlignment.swift */; };
		F63A34E229E87664001F0A6D /* DeeplinkHandlerProtocol.swift in Sources */ = {isa = PBXBuildFile; fileRef = F63A34E129E87664001F0A6D /* DeeplinkHandlerProtocol.swift */; };
		F63A34E429E89496001F0A6D /* BDUIManager.swift in Sources */ = {isa = PBXBuildFile; fileRef = F63A34E329E89496001F0A6D /* BDUIManager.swift */; };
		F65D31CA2A094ED900D8DB07 /* Collection+extensions.swift in Sources */ = {isa = PBXBuildFile; fileRef = F65D31C92A094ED900D8DB07 /* Collection+extensions.swift */; };
		F6894D8C29E5D0C5006D7A0D /* BDUILabelView.swift in Sources */ = {isa = PBXBuildFile; fileRef = F6894D8B29E5D0C5006D7A0D /* BDUILabelView.swift */; };
		F6894D8E29E5D7E7006D7A0D /* BDUIContainerView.swift in Sources */ = {isa = PBXBuildFile; fileRef = F6894D8D29E5D7E7006D7A0D /* BDUIContainerView.swift */; };
		F6894D9229E703CA006D7A0D /* configuration.json in Resources */ = {isa = PBXBuildFile; fileRef = F6894D9129E703CA006D7A0D /* configuration.json */; };
		F6894D9429E70872006D7A0D /* BDUIPaddings.swift in Sources */ = {isa = PBXBuildFile; fileRef = F6894D9329E70872006D7A0D /* BDUIPaddings.swift */; };
		F6894D9629E7088D006D7A0D /* BDUIAxisType.swift in Sources */ = {isa = PBXBuildFile; fileRef = F6894D9529E7088D006D7A0D /* BDUIAxisType.swift */; };
		F6894D9829E708A4006D7A0D /* BDUIDistributionType.swift in Sources */ = {isa = PBXBuildFile; fileRef = F6894D9729E708A4006D7A0D /* BDUIDistributionType.swift */; };
		F6894D9A29E708BC006D7A0D /* BDUIAlignmentType.swift in Sources */ = {isa = PBXBuildFile; fileRef = F6894D9929E708BC006D7A0D /* BDUIAlignmentType.swift */; };
		F6894D9C29E708D3006D7A0D /* BDUILayout.swift in Sources */ = {isa = PBXBuildFile; fileRef = F6894D9B29E708D3006D7A0D /* BDUILayout.swift */; };
		F6894D9E29E708EC006D7A0D /* BDUIBorder.swift in Sources */ = {isa = PBXBuildFile; fileRef = F6894D9D29E708EC006D7A0D /* BDUIBorder.swift */; };
		F6894DA129E70927006D7A0D /* BDUIAppereance.swift in Sources */ = {isa = PBXBuildFile; fileRef = F6894DA029E70927006D7A0D /* BDUIAppereance.swift */; };
		F6894DA329E70937006D7A0D /* BDUIComponentContent.swift in Sources */ = {isa = PBXBuildFile; fileRef = F6894DA229E70937006D7A0D /* BDUIComponentContent.swift */; };
		F6894DA529E7287F006D7A0D /* BDUISpacerView.swift in Sources */ = {isa = PBXBuildFile; fileRef = F6894DA429E7287F006D7A0D /* BDUISpacerView.swift */; };
		F6D2331D29DF24B10077E16D /* AppDelegate.swift in Sources */ = {isa = PBXBuildFile; fileRef = F6D2331C29DF24B10077E16D /* AppDelegate.swift */; };
		F6D2331F29DF24B10077E16D /* SceneDelegate.swift in Sources */ = {isa = PBXBuildFile; fileRef = F6D2331E29DF24B10077E16D /* SceneDelegate.swift */; };
		F6D2332629DF24B70077E16D /* Assets.xcassets in Resources */ = {isa = PBXBuildFile; fileRef = F6D2332529DF24B70077E16D /* Assets.xcassets */; };
		F6D2332929DF24B70077E16D /* LaunchScreen.storyboard in Resources */ = {isa = PBXBuildFile; fileRef = F6D2332729DF24B70077E16D /* LaunchScreen.storyboard */; };
		F6D2333229DF29240077E16D /* TinyConstraints in Frameworks */ = {isa = PBXBuildFile; productRef = F6D2333129DF29240077E16D /* TinyConstraints */; };
		F6D2333429DF2A830077E16D /* AppCoordinator.swift in Sources */ = {isa = PBXBuildFile; fileRef = F6D2333329DF2A830077E16D /* AppCoordinator.swift */; };
		F6D2333629DF2ACC0077E16D /* BaseCoordinator.swift in Sources */ = {isa = PBXBuildFile; fileRef = F6D2333529DF2ACC0077E16D /* BaseCoordinator.swift */; };
		F6D2333C29DF31FD0077E16D /* BDUIParser.swift in Sources */ = {isa = PBXBuildFile; fileRef = F6D2333B29DF31FD0077E16D /* BDUIParser.swift */; };
		F6D2333E29DF32580077E16D /* BDUIConfiguration.swift in Sources */ = {isa = PBXBuildFile; fileRef = F6D2333D29DF32580077E16D /* BDUIConfiguration.swift */; };
		F6D2334029DF335C0077E16D /* BDUIScreensController.swift in Sources */ = {isa = PBXBuildFile; fileRef = F6D2333F29DF335C0077E16D /* BDUIScreensController.swift */; };
		F6D2334229DF35D70077E16D /* BDUIComponentModel.swift in Sources */ = {isa = PBXBuildFile; fileRef = F6D2334129DF35D70077E16D /* BDUIComponentModel.swift */; };
		F6D2334429DF36050077E16D /* BDUIComponentType.swift in Sources */ = {isa = PBXBuildFile; fileRef = F6D2334329DF36050077E16D /* BDUIComponentType.swift */; };
		F6D2334A29E1BE0F0077E16D /* BDUIScreen.swift in Sources */ = {isa = PBXBuildFile; fileRef = F6D2334929E1BE0F0077E16D /* BDUIScreen.swift */; };
		F6D2334C29E1CC9C0077E16D /* BDUIViewFactory.swift in Sources */ = {isa = PBXBuildFile; fileRef = F6D2334B29E1CC9C0077E16D /* BDUIViewFactory.swift */; };
		F6D37D8729E4923A009F0556 /* BDUIView.swift in Sources */ = {isa = PBXBuildFile; fileRef = F6D37D8629E4923A009F0556 /* BDUIView.swift */; };
		F6D37D8A29E49291009F0556 /* BDUIViewConfigurable.swift in Sources */ = {isa = PBXBuildFile; fileRef = F6D37D8929E49291009F0556 /* BDUIViewConfigurable.swift */; };
/* End PBXBuildFile section */

/* Begin PBXFileReference section */
		F60D485629F024BA00B49733 /* BDUICoordinator.swift */ = {isa = PBXFileReference; lastKnownFileType = sourcecode.swift; path = BDUICoordinator.swift; sourceTree = "<group>"; };
		F61646E429E5CF6800567A5B /* UIColor+extensions.swift */ = {isa = PBXFileReference; lastKnownFileType = sourcecode.swift; path = "UIColor+extensions.swift"; sourceTree = "<group>"; };
		F63A34D829E86CBF001F0A6D /* BDUIFontStyle.swift */ = {isa = PBXFileReference; lastKnownFileType = sourcecode.swift; path = BDUIFontStyle.swift; sourceTree = "<group>"; };
		F63A34DA29E86E2A001F0A6D /* BDUITextAlignment.swift */ = {isa = PBXFileReference; lastKnownFileType = sourcecode.swift; path = BDUITextAlignment.swift; sourceTree = "<group>"; };
		F63A34E129E87664001F0A6D /* DeeplinkHandlerProtocol.swift */ = {isa = PBXFileReference; lastKnownFileType = sourcecode.swift; path = DeeplinkHandlerProtocol.swift; sourceTree = "<group>"; };
		F63A34E329E89496001F0A6D /* BDUIManager.swift */ = {isa = PBXFileReference; lastKnownFileType = sourcecode.swift; path = BDUIManager.swift; sourceTree = "<group>"; };
		F65D31C92A094ED900D8DB07 /* Collection+extensions.swift */ = {isa = PBXFileReference; lastKnownFileType = sourcecode.swift; path = "Collection+extensions.swift"; sourceTree = "<group>"; };
		F6894D8B29E5D0C5006D7A0D /* BDUILabelView.swift */ = {isa = PBXFileReference; lastKnownFileType = sourcecode.swift; path = BDUILabelView.swift; sourceTree = "<group>"; };
		F6894D8D29E5D7E7006D7A0D /* BDUIContainerView.swift */ = {isa = PBXFileReference; lastKnownFileType = sourcecode.swift; path = BDUIContainerView.swift; sourceTree = "<group>"; };
		F6894D9129E703CA006D7A0D /* configuration.json */ = {isa = PBXFileReference; lastKnownFileType = text.json; path = configuration.json; sourceTree = "<group>"; };
		F6894D9329E70872006D7A0D /* BDUIPaddings.swift */ = {isa = PBXFileReference; lastKnownFileType = sourcecode.swift; path = BDUIPaddings.swift; sourceTree = "<group>"; };
		F6894D9529E7088D006D7A0D /* BDUIAxisType.swift */ = {isa = PBXFileReference; lastKnownFileType = sourcecode.swift; path = BDUIAxisType.swift; sourceTree = "<group>"; };
		F6894D9729E708A4006D7A0D /* BDUIDistributionType.swift */ = {isa = PBXFileReference; lastKnownFileType = sourcecode.swift; path = BDUIDistributionType.swift; sourceTree = "<group>"; };
		F6894D9929E708BC006D7A0D /* BDUIAlignmentType.swift */ = {isa = PBXFileReference; lastKnownFileType = sourcecode.swift; path = BDUIAlignmentType.swift; sourceTree = "<group>"; };
		F6894D9B29E708D3006D7A0D /* BDUILayout.swift */ = {isa = PBXFileReference; lastKnownFileType = sourcecode.swift; path = BDUILayout.swift; sourceTree = "<group>"; };
		F6894D9D29E708EC006D7A0D /* BDUIBorder.swift */ = {isa = PBXFileReference; lastKnownFileType = sourcecode.swift; path = BDUIBorder.swift; sourceTree = "<group>"; };
		F6894DA029E70927006D7A0D /* BDUIAppereance.swift */ = {isa = PBXFileReference; lastKnownFileType = sourcecode.swift; path = BDUIAppereance.swift; sourceTree = "<group>"; };
		F6894DA229E70937006D7A0D /* BDUIComponentContent.swift */ = {isa = PBXFileReference; lastKnownFileType = sourcecode.swift; path = BDUIComponentContent.swift; sourceTree = "<group>"; };
		F6894DA429E7287F006D7A0D /* BDUISpacerView.swift */ = {isa = PBXFileReference; lastKnownFileType = sourcecode.swift; path = BDUISpacerView.swift; sourceTree = "<group>"; };
		F6D2331929DF24B10077E16D /* BDUI.app */ = {isa = PBXFileReference; explicitFileType = wrapper.application; includeInIndex = 0; path = BDUI.app; sourceTree = BUILT_PRODUCTS_DIR; };
		F6D2331C29DF24B10077E16D /* AppDelegate.swift */ = {isa = PBXFileReference; lastKnownFileType = sourcecode.swift; path = AppDelegate.swift; sourceTree = "<group>"; };
		F6D2331E29DF24B10077E16D /* SceneDelegate.swift */ = {isa = PBXFileReference; lastKnownFileType = sourcecode.swift; path = SceneDelegate.swift; sourceTree = "<group>"; };
		F6D2332529DF24B70077E16D /* Assets.xcassets */ = {isa = PBXFileReference; lastKnownFileType = folder.assetcatalog; path = Assets.xcassets; sourceTree = "<group>"; };
		F6D2332829DF24B70077E16D /* Base */ = {isa = PBXFileReference; lastKnownFileType = file.storyboard; name = Base; path = Base.lproj/LaunchScreen.storyboard; sourceTree = "<group>"; };
		F6D2332A29DF24B70077E16D /* Info.plist */ = {isa = PBXFileReference; lastKnownFileType = text.plist.xml; path = Info.plist; sourceTree = "<group>"; };
		F6D2333329DF2A830077E16D /* AppCoordinator.swift */ = {isa = PBXFileReference; lastKnownFileType = sourcecode.swift; path = AppCoordinator.swift; sourceTree = "<group>"; };
		F6D2333529DF2ACC0077E16D /* BaseCoordinator.swift */ = {isa = PBXFileReference; lastKnownFileType = sourcecode.swift; path = BaseCoordinator.swift; sourceTree = "<group>"; };
		F6D2333B29DF31FD0077E16D /* BDUIParser.swift */ = {isa = PBXFileReference; lastKnownFileType = sourcecode.swift; path = BDUIParser.swift; sourceTree = "<group>"; };
		F6D2333D29DF32580077E16D /* BDUIConfiguration.swift */ = {isa = PBXFileReference; lastKnownFileType = sourcecode.swift; path = BDUIConfiguration.swift; sourceTree = "<group>"; };
		F6D2333F29DF335C0077E16D /* BDUIScreensController.swift */ = {isa = PBXFileReference; lastKnownFileType = sourcecode.swift; path = BDUIScreensController.swift; sourceTree = "<group>"; };
		F6D2334129DF35D70077E16D /* BDUIComponentModel.swift */ = {isa = PBXFileReference; lastKnownFileType = sourcecode.swift; path = BDUIComponentModel.swift; sourceTree = "<group>"; };
		F6D2334329DF36050077E16D /* BDUIComponentType.swift */ = {isa = PBXFileReference; lastKnownFileType = sourcecode.swift; path = BDUIComponentType.swift; sourceTree = "<group>"; };
		F6D2334929E1BE0F0077E16D /* BDUIScreen.swift */ = {isa = PBXFileReference; lastKnownFileType = sourcecode.swift; path = BDUIScreen.swift; sourceTree = "<group>"; };
		F6D2334B29E1CC9C0077E16D /* BDUIViewFactory.swift */ = {isa = PBXFileReference; lastKnownFileType = sourcecode.swift; path = BDUIViewFactory.swift; sourceTree = "<group>"; };
		F6D37D8629E4923A009F0556 /* BDUIView.swift */ = {isa = PBXFileReference; lastKnownFileType = sourcecode.swift; path = BDUIView.swift; sourceTree = "<group>"; };
		F6D37D8929E49291009F0556 /* BDUIViewConfigurable.swift */ = {isa = PBXFileReference; lastKnownFileType = sourcecode.swift; path = BDUIViewConfigurable.swift; sourceTree = "<group>"; };
/* End PBXFileReference section */

/* Begin PBXFrameworksBuildPhase section */
		F6D2331629DF24B10077E16D /* Frameworks */ = {
			isa = PBXFrameworksBuildPhase;
			buildActionMask = 2147483647;
			files = (
				F6D2333229DF29240077E16D /* TinyConstraints in Frameworks */,
			);
			runOnlyForDeploymentPostprocessing = 0;
		};
/* End PBXFrameworksBuildPhase section */

/* Begin PBXGroup section */
		F61646E329E5CF4D00567A5B /* Utils */ = {
			isa = PBXGroup;
			children = (
				F63A34DC29E87568001F0A6D /* Coordination */,
				F61646E429E5CF6800567A5B /* UIColor+extensions.swift */,
				F65D31C92A094ED900D8DB07 /* Collection+extensions.swift */,
			);
			path = Utils;
			sourceTree = "<group>";
		};
		F62BF1B929E95868006F064B /* BDUIUniversal */ = {
			isa = PBXGroup;
			children = (
				F60D485629F024BA00B49733 /* BDUICoordinator.swift */,
			);
			path = BDUIUniversal;
			sourceTree = "<group>";
		};
		F62BF1BA29E9587D006F064B /* App */ = {
			isa = PBXGroup;
			children = (
				F6D2331E29DF24B10077E16D /* SceneDelegate.swift */,
				F6D2331C29DF24B10077E16D /* AppDelegate.swift */,
				F6D2333329DF2A830077E16D /* AppCoordinator.swift */,
			);
			path = App;
			sourceTree = "<group>";
		};
		F63A34DC29E87568001F0A6D /* Coordination */ = {
			isa = PBXGroup;
			children = (
				F6D2333529DF2ACC0077E16D /* BaseCoordinator.swift */,
				F63A34E129E87664001F0A6D /* DeeplinkHandlerProtocol.swift */,
			);
			path = Coordination;
			sourceTree = "<group>";
		};
		F63A34DF29E875E6001F0A6D /* Project */ = {
			isa = PBXGroup;
			children = (
				F6D2332529DF24B70077E16D /* Assets.xcassets */,
				F6894D9129E703CA006D7A0D /* configuration.json */,
				F62BF1B929E95868006F064B /* BDUIUniversal */,
				F62BF1BA29E9587D006F064B /* App */,
				F63A34E029E875F8001F0A6D /* Derived */,
			);
			path = Project;
			sourceTree = "<group>";
		};
		F63A34E029E875F8001F0A6D /* Derived */ = {
			isa = PBXGroup;
			children = (
				F6D2332729DF24B70077E16D /* LaunchScreen.storyboard */,
				F6D2332A29DF24B70077E16D /* Info.plist */,
			);
			path = Derived;
			sourceTree = "<group>";
		};
		F6894D9F29E708FA006D7A0D /* Component models */ = {
			isa = PBXGroup;
			children = (
				F6D2334329DF36050077E16D /* BDUIComponentType.swift */,
				F6D2334129DF35D70077E16D /* BDUIComponentModel.swift */,
				F6894D9329E70872006D7A0D /* BDUIPaddings.swift */,
				F6894D9529E7088D006D7A0D /* BDUIAxisType.swift */,
				F6894D9729E708A4006D7A0D /* BDUIDistributionType.swift */,
				F6894D9929E708BC006D7A0D /* BDUIAlignmentType.swift */,
				F6894D9B29E708D3006D7A0D /* BDUILayout.swift */,
				F6894D9D29E708EC006D7A0D /* BDUIBorder.swift */,
				F6894DA029E70927006D7A0D /* BDUIAppereance.swift */,
				F6894DA229E70937006D7A0D /* BDUIComponentContent.swift */,
				F63A34D829E86CBF001F0A6D /* BDUIFontStyle.swift */,
				F63A34DA29E86E2A001F0A6D /* BDUITextAlignment.swift */,
			);
			path = "Component models";
			sourceTree = "<group>";
		};
		F6D2331029DF24B10077E16D = {
			isa = PBXGroup;
			children = (
				F6D2331B29DF24B10077E16D /* BDUI */,
				F6D2331A29DF24B10077E16D /* Products */,
			);
			sourceTree = "<group>";
		};
		F6D2331A29DF24B10077E16D /* Products */ = {
			isa = PBXGroup;
			children = (
				F6D2331929DF24B10077E16D /* BDUI.app */,
			);
			name = Products;
			sourceTree = "<group>";
		};
		F6D2331B29DF24B10077E16D /* BDUI */ = {
			isa = PBXGroup;
			children = (
				F63A34DF29E875E6001F0A6D /* Project */,
				F6D2333A29DF313E0077E16D /* BDUI framework */,
				F61646E329E5CF4D00567A5B /* Utils */,
			);
			path = BDUI;
			sourceTree = "<group>";
		};
		F6D2333A29DF313E0077E16D /* BDUI framework */ = {
			isa = PBXGroup;
			children = (
				F6D37D8829E4923E009F0556 /* Views */,
				F6D2334829E1BDCD0077E16D /* Models */,
				F6D2333B29DF31FD0077E16D /* BDUIParser.swift */,
				F6D2333F29DF335C0077E16D /* BDUIScreensController.swift */,
				F6D2334B29E1CC9C0077E16D /* BDUIViewFactory.swift */,
				F63A34E329E89496001F0A6D /* BDUIManager.swift */,
			);
			path = "BDUI framework";
			sourceTree = "<group>";
		};
		F6D2334829E1BDCD0077E16D /* Models */ = {
			isa = PBXGroup;
			children = (
				F6894D9F29E708FA006D7A0D /* Component models */,
				F6D2334929E1BE0F0077E16D /* BDUIScreen.swift */,
				F6D2333D29DF32580077E16D /* BDUIConfiguration.swift */,
			);
			path = Models;
			sourceTree = "<group>";
		};
		F6D37D8829E4923E009F0556 /* Views */ = {
			isa = PBXGroup;
			children = (
				F6D37D8929E49291009F0556 /* BDUIViewConfigurable.swift */,
				F6D37D8629E4923A009F0556 /* BDUIView.swift */,
				F6894D8B29E5D0C5006D7A0D /* BDUILabelView.swift */,
				F6894D8D29E5D7E7006D7A0D /* BDUIContainerView.swift */,
				F6894DA429E7287F006D7A0D /* BDUISpacerView.swift */,
			);
			path = Views;
			sourceTree = "<group>";
		};
/* End PBXGroup section */

/* Begin PBXNativeTarget section */
		F6D2331829DF24B10077E16D /* BDUI */ = {
			isa = PBXNativeTarget;
			buildConfigurationList = F6D2332D29DF24B70077E16D /* Build configuration list for PBXNativeTarget "BDUI" */;
			buildPhases = (
				F6D2331529DF24B10077E16D /* Sources */,
				F6D2331629DF24B10077E16D /* Frameworks */,
				F6D2331729DF24B10077E16D /* Resources */,
			);
			buildRules = (
			);
			dependencies = (
			);
			name = BDUI;
			packageProductDependencies = (
				F6D2333129DF29240077E16D /* TinyConstraints */,
			);
			productName = BDUI;
			productReference = F6D2331929DF24B10077E16D /* BDUI.app */;
			productType = "com.apple.product-type.application";
		};
/* End PBXNativeTarget section */

/* Begin PBXProject section */
		F6D2331129DF24B10077E16D /* Project object */ = {
			isa = PBXProject;
			attributes = {
				BuildIndependentTargetsInParallel = 1;
				LastSwiftUpdateCheck = 1420;
				LastUpgradeCheck = 1420;
				TargetAttributes = {
					F6D2331829DF24B10077E16D = {
						CreatedOnToolsVersion = 14.2;
					};
				};
			};
			buildConfigurationList = F6D2331429DF24B10077E16D /* Build configuration list for PBXProject "BDUI" */;
			compatibilityVersion = "Xcode 14.0";
			developmentRegion = en;
			hasScannedForEncodings = 0;
			knownRegions = (
				en,
				Base,
			);
			mainGroup = F6D2331029DF24B10077E16D;
			packageReferences = (
				F6D2333029DF29240077E16D /* XCRemoteSwiftPackageReference "TinyConstraints" */,
			);
			productRefGroup = F6D2331A29DF24B10077E16D /* Products */;
			projectDirPath = "";
			projectRoot = "";
			targets = (
				F6D2331829DF24B10077E16D /* BDUI */,
			);
		};
/* End PBXProject section */

/* Begin PBXResourcesBuildPhase section */
		F6D2331729DF24B10077E16D /* Resources */ = {
			isa = PBXResourcesBuildPhase;
			buildActionMask = 2147483647;
			files = (
				F6D2332929DF24B70077E16D /* LaunchScreen.storyboard in Resources */,
				F6894D9229E703CA006D7A0D /* configuration.json in Resources */,
				F6D2332629DF24B70077E16D /* Assets.xcassets in Resources */,
			);
			runOnlyForDeploymentPostprocessing = 0;
		};
/* End PBXResourcesBuildPhase section */

/* Begin PBXSourcesBuildPhase section */
		F6D2331529DF24B10077E16D /* Sources */ = {
			isa = PBXSourcesBuildPhase;
			buildActionMask = 2147483647;
			files = (
				F6894D9A29E708BC006D7A0D /* BDUIAlignmentType.swift in Sources */,
				F6894D9C29E708D3006D7A0D /* BDUILayout.swift in Sources */,
				F63A34DB29E86E2A001F0A6D /* BDUITextAlignment.swift in Sources */,
				F6894DA529E7287F006D7A0D /* BDUISpacerView.swift in Sources */,
				F6D2334429DF36050077E16D /* BDUIComponentType.swift in Sources */,
				F6D2333C29DF31FD0077E16D /* BDUIParser.swift in Sources */,
				F6D37D8729E4923A009F0556 /* BDUIView.swift in Sources */,
				F6894D9829E708A4006D7A0D /* BDUIDistributionType.swift in Sources */,
				F6D2333E29DF32580077E16D /* BDUIConfiguration.swift in Sources */,
				F6894DA129E70927006D7A0D /* BDUIAppereance.swift in Sources */,
				F6D2334229DF35D70077E16D /* BDUIComponentModel.swift in Sources */,
				F63A34D929E86CBF001F0A6D /* BDUIFontStyle.swift in Sources */,
				F6894DA329E70937006D7A0D /* BDUIComponentContent.swift in Sources */,
				F6D2333429DF2A830077E16D /* AppCoordinator.swift in Sources */,
				F6894D9629E7088D006D7A0D /* BDUIAxisType.swift in Sources */,
				F6D2333629DF2ACC0077E16D /* BaseCoordinator.swift in Sources */,
				F6D2331D29DF24B10077E16D /* AppDelegate.swift in Sources */,
				F60D485729F024BA00B49733 /* BDUICoordinator.swift in Sources */,
				F6D2334A29E1BE0F0077E16D /* BDUIScreen.swift in Sources */,
				F6D37D8A29E49291009F0556 /* BDUIViewConfigurable.swift in Sources */,
				F63A34E229E87664001F0A6D /* DeeplinkHandlerProtocol.swift in Sources */,
				F61646E529E5CF6800567A5B /* UIColor+extensions.swift in Sources */,
				F6894D8E29E5D7E7006D7A0D /* BDUIContainerView.swift in Sources */,
				F6894D8C29E5D0C5006D7A0D /* BDUILabelView.swift in Sources */,
				F6D2331F29DF24B10077E16D /* SceneDelegate.swift in Sources */,
				F6D2334029DF335C0077E16D /* BDUIScreensController.swift in Sources */,
				F6D2334C29E1CC9C0077E16D /* BDUIViewFactory.swift in Sources */,
				F6894D9E29E708EC006D7A0D /* BDUIBorder.swift in Sources */,
				F65D31CA2A094ED900D8DB07 /* Collection+extensions.swift in Sources */,
				F6894D9429E70872006D7A0D /* BDUIPaddings.swift in Sources */,
				F63A34E429E89496001F0A6D /* BDUIManager.swift in Sources */,
			);
			runOnlyForDeploymentPostprocessing = 0;
		};
/* End PBXSourcesBuildPhase section */

/* Begin PBXVariantGroup section */
		F6D2332729DF24B70077E16D /* LaunchScreen.storyboard */ = {
			isa = PBXVariantGroup;
			children = (
				F6D2332829DF24B70077E16D /* Base */,
			);
			name = LaunchScreen.storyboard;
			sourceTree = "<group>";
		};
/* End PBXVariantGroup section */

/* Begin XCBuildConfiguration section */
		F6D2332B29DF24B70077E16D /* Debug */ = {
			isa = XCBuildConfiguration;
			buildSettings = {
				ALWAYS_SEARCH_USER_PATHS = NO;
				CLANG_ANALYZER_NONNULL = YES;
				CLANG_ANALYZER_NUMBER_OBJECT_CONVERSION = YES_AGGRESSIVE;
				CLANG_CXX_LANGUAGE_STANDARD = "gnu++20";
				CLANG_ENABLE_MODULES = YES;
				CLANG_ENABLE_OBJC_ARC = YES;
				CLANG_ENABLE_OBJC_WEAK = YES;
				CLANG_WARN_BLOCK_CAPTURE_AUTORELEASING = YES;
				CLANG_WARN_BOOL_CONVERSION = YES;
				CLANG_WARN_COMMA = YES;
				CLANG_WARN_CONSTANT_CONVERSION = YES;
				CLANG_WARN_DEPRECATED_OBJC_IMPLEMENTATIONS = YES;
				CLANG_WARN_DIRECT_OBJC_ISA_USAGE = YES_ERROR;
				CLANG_WARN_DOCUMENTATION_COMMENTS = YES;
				CLANG_WARN_EMPTY_BODY = YES;
				CLANG_WARN_ENUM_CONVERSION = YES;
				CLANG_WARN_INFINITE_RECURSION = YES;
				CLANG_WARN_INT_CONVERSION = YES;
				CLANG_WARN_NON_LITERAL_NULL_CONVERSION = YES;
				CLANG_WARN_OBJC_IMPLICIT_RETAIN_SELF = YES;
				CLANG_WARN_OBJC_LITERAL_CONVERSION = YES;
				CLANG_WARN_OBJC_ROOT_CLASS = YES_ERROR;
				CLANG_WARN_QUOTED_INCLUDE_IN_FRAMEWORK_HEADER = YES;
				CLANG_WARN_RANGE_LOOP_ANALYSIS = YES;
				CLANG_WARN_STRICT_PROTOTYPES = YES;
				CLANG_WARN_SUSPICIOUS_MOVE = YES;
				CLANG_WARN_UNGUARDED_AVAILABILITY = YES_AGGRESSIVE;
				CLANG_WARN_UNREACHABLE_CODE = YES;
				CLANG_WARN__DUPLICATE_METHOD_MATCH = YES;
				COPY_PHASE_STRIP = NO;
				DEBUG_INFORMATION_FORMAT = dwarf;
				ENABLE_STRICT_OBJC_MSGSEND = YES;
				ENABLE_TESTABILITY = YES;
				GCC_C_LANGUAGE_STANDARD = gnu11;
				GCC_DYNAMIC_NO_PIC = NO;
				GCC_NO_COMMON_BLOCKS = YES;
				GCC_OPTIMIZATION_LEVEL = 0;
				GCC_PREPROCESSOR_DEFINITIONS = (
					"DEBUG=1",
					"$(inherited)",
				);
				GCC_WARN_64_TO_32_BIT_CONVERSION = YES;
				GCC_WARN_ABOUT_RETURN_TYPE = YES_ERROR;
				GCC_WARN_UNDECLARED_SELECTOR = YES;
				GCC_WARN_UNINITIALIZED_AUTOS = YES_AGGRESSIVE;
				GCC_WARN_UNUSED_FUNCTION = YES;
				GCC_WARN_UNUSED_VARIABLE = YES;
				IPHONEOS_DEPLOYMENT_TARGET = 16.2;
				MTL_ENABLE_DEBUG_INFO = INCLUDE_SOURCE;
				MTL_FAST_MATH = YES;
				ONLY_ACTIVE_ARCH = YES;
				SDKROOT = iphoneos;
				SWIFT_ACTIVE_COMPILATION_CONDITIONS = DEBUG;
				SWIFT_OPTIMIZATION_LEVEL = "-Onone";
			};
			name = Debug;
		};
		F6D2332C29DF24B70077E16D /* Release */ = {
			isa = XCBuildConfiguration;
			buildSettings = {
				ALWAYS_SEARCH_USER_PATHS = NO;
				CLANG_ANALYZER_NONNULL = YES;
				CLANG_ANALYZER_NUMBER_OBJECT_CONVERSION = YES_AGGRESSIVE;
				CLANG_CXX_LANGUAGE_STANDARD = "gnu++20";
				CLANG_ENABLE_MODULES = YES;
				CLANG_ENABLE_OBJC_ARC = YES;
				CLANG_ENABLE_OBJC_WEAK = YES;
				CLANG_WARN_BLOCK_CAPTURE_AUTORELEASING = YES;
				CLANG_WARN_BOOL_CONVERSION = YES;
				CLANG_WARN_COMMA = YES;
				CLANG_WARN_CONSTANT_CONVERSION = YES;
				CLANG_WARN_DEPRECATED_OBJC_IMPLEMENTATIONS = YES;
				CLANG_WARN_DIRECT_OBJC_ISA_USAGE = YES_ERROR;
				CLANG_WARN_DOCUMENTATION_COMMENTS = YES;
				CLANG_WARN_EMPTY_BODY = YES;
				CLANG_WARN_ENUM_CONVERSION = YES;
				CLANG_WARN_INFINITE_RECURSION = YES;
				CLANG_WARN_INT_CONVERSION = YES;
				CLANG_WARN_NON_LITERAL_NULL_CONVERSION = YES;
				CLANG_WARN_OBJC_IMPLICIT_RETAIN_SELF = YES;
				CLANG_WARN_OBJC_LITERAL_CONVERSION = YES;
				CLANG_WARN_OBJC_ROOT_CLASS = YES_ERROR;
				CLANG_WARN_QUOTED_INCLUDE_IN_FRAMEWORK_HEADER = YES;
				CLANG_WARN_RANGE_LOOP_ANALYSIS = YES;
				CLANG_WARN_STRICT_PROTOTYPES = YES;
				CLANG_WARN_SUSPICIOUS_MOVE = YES;
				CLANG_WARN_UNGUARDED_AVAILABILITY = YES_AGGRESSIVE;
				CLANG_WARN_UNREACHABLE_CODE = YES;
				CLANG_WARN__DUPLICATE_METHOD_MATCH = YES;
				COPY_PHASE_STRIP = NO;
				DEBUG_INFORMATION_FORMAT = "dwarf-with-dsym";
				ENABLE_NS_ASSERTIONS = NO;
				ENABLE_STRICT_OBJC_MSGSEND = YES;
				GCC_C_LANGUAGE_STANDARD = gnu11;
				GCC_NO_COMMON_BLOCKS = YES;
				GCC_WARN_64_TO_32_BIT_CONVERSION = YES;
				GCC_WARN_ABOUT_RETURN_TYPE = YES_ERROR;
				GCC_WARN_UNDECLARED_SELECTOR = YES;
				GCC_WARN_UNINITIALIZED_AUTOS = YES_AGGRESSIVE;
				GCC_WARN_UNUSED_FUNCTION = YES;
				GCC_WARN_UNUSED_VARIABLE = YES;
				IPHONEOS_DEPLOYMENT_TARGET = 16.2;
				MTL_ENABLE_DEBUG_INFO = NO;
				MTL_FAST_MATH = YES;
				SDKROOT = iphoneos;
				SWIFT_COMPILATION_MODE = wholemodule;
				SWIFT_OPTIMIZATION_LEVEL = "-O";
				VALIDATE_PRODUCT = YES;
			};
			name = Release;
		};
		F6D2332E29DF24B70077E16D /* Debug */ = {
			isa = XCBuildConfiguration;
			buildSettings = {
				ASSETCATALOG_COMPILER_APPICON_NAME = AppIcon;
				ASSETCATALOG_COMPILER_GLOBAL_ACCENT_COLOR_NAME = AccentColor;
				CODE_SIGN_STYLE = Automatic;
				CURRENT_PROJECT_VERSION = 1;
				DEVELOPMENT_TEAM = M99KT8NC3C;
				GENERATE_INFOPLIST_FILE = YES;
				INFOPLIST_FILE = BDUI/Info.plist;
				INFOPLIST_KEY_UIApplicationSupportsIndirectInputEvents = YES;
				INFOPLIST_KEY_UILaunchStoryboardName = LaunchScreen;
				INFOPLIST_KEY_UISupportedInterfaceOrientations_iPad = "UIInterfaceOrientationPortrait UIInterfaceOrientationPortraitUpsideDown UIInterfaceOrientationLandscapeLeft UIInterfaceOrientationLandscapeRight";
				INFOPLIST_KEY_UISupportedInterfaceOrientations_iPhone = "UIInterfaceOrientationPortrait UIInterfaceOrientationLandscapeLeft UIInterfaceOrientationLandscapeRight";
				LD_RUNPATH_SEARCH_PATHS = (
					"$(inherited)",
					"@executable_path/Frameworks",
				);
				MARKETING_VERSION = 1.0;
				PRODUCT_BUNDLE_IDENTIFIER = mrilin.BDUI;
				PRODUCT_NAME = "$(TARGET_NAME)";
				SWIFT_EMIT_LOC_STRINGS = YES;
				SWIFT_VERSION = 5.0;
				TARGETED_DEVICE_FAMILY = "1,2";
			};
			name = Debug;
		};
		F6D2332F29DF24B70077E16D /* Release */ = {
			isa = XCBuildConfiguration;
			buildSettings = {
				ASSETCATALOG_COMPILER_APPICON_NAME = AppIcon;
				ASSETCATALOG_COMPILER_GLOBAL_ACCENT_COLOR_NAME = AccentColor;
				CODE_SIGN_STYLE = Automatic;
				CURRENT_PROJECT_VERSION = 1;
				DEVELOPMENT_TEAM = M99KT8NC3C;
				GENERATE_INFOPLIST_FILE = YES;
				INFOPLIST_FILE = BDUI/Info.plist;
				INFOPLIST_KEY_UIApplicationSupportsIndirectInputEvents = YES;
				INFOPLIST_KEY_UILaunchStoryboardName = LaunchScreen;
				INFOPLIST_KEY_UISupportedInterfaceOrientations_iPad = "UIInterfaceOrientationPortrait UIInterfaceOrientationPortraitUpsideDown UIInterfaceOrientationLandscapeLeft UIInterfaceOrientationLandscapeRight";
				INFOPLIST_KEY_UISupportedInterfaceOrientations_iPhone = "UIInterfaceOrientationPortrait UIInterfaceOrientationLandscapeLeft UIInterfaceOrientationLandscapeRight";
				LD_RUNPATH_SEARCH_PATHS = (
					"$(inherited)",
					"@executable_path/Frameworks",
				);
				MARKETING_VERSION = 1.0;
				PRODUCT_BUNDLE_IDENTIFIER = mrilin.BDUI;
				PRODUCT_NAME = "$(TARGET_NAME)";
				SWIFT_EMIT_LOC_STRINGS = YES;
				SWIFT_VERSION = 5.0;
				TARGETED_DEVICE_FAMILY = "1,2";
			};
			name = Release;
		};
/* End XCBuildConfiguration section */

/* Begin XCConfigurationList section */
		F6D2331429DF24B10077E16D /* Build configuration list for PBXProject "BDUI" */ = {
			isa = XCConfigurationList;
			buildConfigurations = (
				F6D2332B29DF24B70077E16D /* Debug */,
				F6D2332C29DF24B70077E16D /* Release */,
			);
			defaultConfigurationIsVisible = 0;
			defaultConfigurationName = Release;
		};
		F6D2332D29DF24B70077E16D /* Build configuration list for PBXNativeTarget "BDUI" */ = {
			isa = XCConfigurationList;
			buildConfigurations = (
				F6D2332E29DF24B70077E16D /* Debug */,
				F6D2332F29DF24B70077E16D /* Release */,
			);
			defaultConfigurationIsVisible = 0;
			defaultConfigurationName = Release;
		};
/* End XCConfigurationList section */

/* Begin XCRemoteSwiftPackageReference section */
		F6D2333029DF29240077E16D /* XCRemoteSwiftPackageReference "TinyConstraints" */ = {
			isa = XCRemoteSwiftPackageReference;
			repositoryURL = "https://github.com/roberthein/TinyConstraints.git";
			requirement = {
				kind = upToNextMajorVersion;
				minimumVersion = 4.0.0;
			};
		};
/* End XCRemoteSwiftPackageReference section */

/* Begin XCSwiftPackageProductDependency section */
		F6D2333129DF29240077E16D /* TinyConstraints */ = {
			isa = XCSwiftPackageProductDependency;
			package = F6D2333029DF29240077E16D /* XCRemoteSwiftPackageReference "TinyConstraints" */;
			productName = TinyConstraints;
		};
/* End XCSwiftPackageProductDependency section */
	};
	rootObject = F6D2331129DF24B10077E16D /* Project object */;
}
